// !$*UTF8*$!
{
	archiveVersion = 1;
	classes = {
	};
	objectVersion = 48;
	objects = {

/* Begin PBXBuildFile section */
		277595F3203864FE00146CA5 /* ReceiveViewController.swift in Sources */ = {isa = PBXBuildFile; fileRef = 277595F2203864FE00146CA5 /* ReceiveViewController.swift */; };
		277595F52038651A00146CA5 /* SendViewController.swift in Sources */ = {isa = PBXBuildFile; fileRef = 277595F42038651A00146CA5 /* SendViewController.swift */; };
		277595F72038713F00146CA5 /* ReceiveObject.swift in Sources */ = {isa = PBXBuildFile; fileRef = 277595F62038713F00146CA5 /* ReceiveObject.swift */; };
		2775960020388A6400146CA5 /* Icons.pptx in Resources */ = {isa = PBXBuildFile; fileRef = 277595FF20388A6400146CA5 /* Icons.pptx */; };
		277596032038932200146CA5 /* Device.swift in Sources */ = {isa = PBXBuildFile; fileRef = 277596022038932200146CA5 /* Device.swift */; };
		27759605203DB83800146CA5 /* WhoAmIIcon.png in Resources */ = {isa = PBXBuildFile; fileRef = 27759604203DB83800146CA5 /* WhoAmIIcon.png */; };
		277F08291FA72562001333D2 /* AppDelegate.swift in Sources */ = {isa = PBXBuildFile; fileRef = 277F08281FA72562001333D2 /* AppDelegate.swift */; };
		277F082E1FA72562001333D2 /* Main.storyboard in Resources */ = {isa = PBXBuildFile; fileRef = 277F082C1FA72562001333D2 /* Main.storyboard */; };
		277F08301FA72562001333D2 /* Assets.xcassets in Resources */ = {isa = PBXBuildFile; fileRef = 277F082F1FA72562001333D2 /* Assets.xcassets */; };
		277F08331FA72562001333D2 /* LaunchScreen.storyboard in Resources */ = {isa = PBXBuildFile; fileRef = 277F08311FA72562001333D2 /* LaunchScreen.storyboard */; };
/* End PBXBuildFile section */

/* Begin PBXFileReference section */
		277595F2203864FE00146CA5 /* ReceiveViewController.swift */ = {isa = PBXFileReference; lastKnownFileType = sourcecode.swift; path = ReceiveViewController.swift; sourceTree = "<group>"; };
		277595F42038651A00146CA5 /* SendViewController.swift */ = {isa = PBXFileReference; lastKnownFileType = sourcecode.swift; path = SendViewController.swift; sourceTree = "<group>"; };
		277595F62038713F00146CA5 /* ReceiveObject.swift */ = {isa = PBXFileReference; lastKnownFileType = sourcecode.swift; path = ReceiveObject.swift; sourceTree = "<group>"; };
		277595FF20388A6400146CA5 /* Icons.pptx */ = {isa = PBXFileReference; lastKnownFileType = file; path = Icons.pptx; sourceTree = "<group>"; };
		277596022038932200146CA5 /* Device.swift */ = {isa = PBXFileReference; lastKnownFileType = sourcecode.swift; path = Device.swift; sourceTree = "<group>"; };
		27759604203DB83800146CA5 /* WhoAmIIcon.png */ = {isa = PBXFileReference; lastKnownFileType = image.png; path = WhoAmIIcon.png; sourceTree = "<group>"; };
		277F08251FA72562001333D2 /* BLETest.app */ = {isa = PBXFileReference; explicitFileType = wrapper.application; includeInIndex = 0; path = BLETest.app; sourceTree = BUILT_PRODUCTS_DIR; };
		277F08281FA72562001333D2 /* AppDelegate.swift */ = {isa = PBXFileReference; lastKnownFileType = sourcecode.swift; path = AppDelegate.swift; sourceTree = "<group>"; };
		277F082D1FA72562001333D2 /* Base */ = {isa = PBXFileReference; lastKnownFileType = file.storyboard; name = Base; path = Base.lproj/Main.storyboard; sourceTree = "<group>"; };
		277F082F1FA72562001333D2 /* Assets.xcassets */ = {isa = PBXFileReference; lastKnownFileType = folder.assetcatalog; path = Assets.xcassets; sourceTree = "<group>"; };
		277F08321FA72562001333D2 /* Base */ = {isa = PBXFileReference; lastKnownFileType = file.storyboard; name = Base; path = Base.lproj/LaunchScreen.storyboard; sourceTree = "<group>"; };
		277F08341FA72562001333D2 /* Info.plist */ = {isa = PBXFileReference; lastKnownFileType = text.plist.xml; path = Info.plist; sourceTree = "<group>"; };
/* End PBXFileReference section */

/* Begin PBXFrameworksBuildPhase section */
		277F08221FA72562001333D2 /* Frameworks */ = {
			isa = PBXFrameworksBuildPhase;
			buildActionMask = 2147483647;
			files = (
			);
			runOnlyForDeploymentPostprocessing = 0;
		};
/* End PBXFrameworksBuildPhase section */

/* Begin PBXGroup section */
		277595FA2038823400146CA5 /* Assets */ = {
			isa = PBXGroup;
			children = (
				27759604203DB83800146CA5 /* WhoAmIIcon.png */,
				277595FF20388A6400146CA5 /* Icons.pptx */,
				277F082F1FA72562001333D2 /* Assets.xcassets */,
			);
			path = Assets;
			sourceTree = "<group>";
		};
		277596012038930E00146CA5 /* BLE */ = {
			isa = PBXGroup;
			children = (
				277596022038932200146CA5 /* Device.swift */,
			);
			path = BLE;
			sourceTree = "<group>";
		};
		277F081C1FA72562001333D2 = {
			isa = PBXGroup;
			children = (
				277F08271FA72562001333D2 /* BLETest */,
				277F08261FA72562001333D2 /* Products */,
			);
			sourceTree = "<group>";
		};
		277F08261FA72562001333D2 /* Products */ = {
			isa = PBXGroup;
			children = (
				277F08251FA72562001333D2 /* BLETest.app */,
			);
			name = Products;
			sourceTree = "<group>";
		};
		277F08271FA72562001333D2 /* BLETest */ = {
			isa = PBXGroup;
			children = (
				277596012038930E00146CA5 /* BLE */,
				277595FA2038823400146CA5 /* Assets */,
				277F08281FA72562001333D2 /* AppDelegate.swift */,
				277F082C1FA72562001333D2 /* Main.storyboard */,
				277F08311FA72562001333D2 /* LaunchScreen.storyboard */,
				277F08341FA72562001333D2 /* Info.plist */,
				277595F2203864FE00146CA5 /* ReceiveViewController.swift */,
				277595F42038651A00146CA5 /* SendViewController.swift */,
				277595F62038713F00146CA5 /* ReceiveObject.swift */,
			);
			path = BLETest;
			sourceTree = "<group>";
		};
/* End PBXGroup section */

/* Begin PBXNativeTarget section */
		277F08241FA72562001333D2 /* BLETest */ = {
			isa = PBXNativeTarget;
			buildConfigurationList = 277F08371FA72562001333D2 /* Build configuration list for PBXNativeTarget "BLETest" */;
			buildPhases = (
				277F08211FA72562001333D2 /* Sources */,
				277F08221FA72562001333D2 /* Frameworks */,
				277F08231FA72562001333D2 /* Resources */,
			);
			buildRules = (
			);
			dependencies = (
			);
			name = BLETest;
			productName = BLETest;
			productReference = 277F08251FA72562001333D2 /* BLETest.app */;
			productType = "com.apple.product-type.application";
		};
/* End PBXNativeTarget section */

/* Begin PBXProject section */
		277F081D1FA72562001333D2 /* Project object */ = {
			isa = PBXProject;
			attributes = {
				LastSwiftUpdateCheck = 0900;
				LastUpgradeCheck = 0900;
				ORGANIZATIONNAME = "Joachim Kittelberger";
				TargetAttributes = {
					277F08241FA72562001333D2 = {
						CreatedOnToolsVersion = 9.0.1;
						ProvisioningStyle = Automatic;
						SystemCapabilities = {
							com.apple.BackgroundModes = {
								enabled = 1;
							};
						};
					};
				};
			};
			buildConfigurationList = 277F08201FA72562001333D2 /* Build configuration list for PBXProject "BLETest" */;
			compatibilityVersion = "Xcode 8.0";
			developmentRegion = en;
			hasScannedForEncodings = 0;
			knownRegions = (
				en,
				Base,
			);
			mainGroup = 277F081C1FA72562001333D2;
			productRefGroup = 277F08261FA72562001333D2 /* Products */;
			projectDirPath = "";
			projectRoot = "";
			targets = (
				277F08241FA72562001333D2 /* BLETest */,
			);
		};
/* End PBXProject section */

/* Begin PBXResourcesBuildPhase section */
		277F08231FA72562001333D2 /* Resources */ = {
			isa = PBXResourcesBuildPhase;
			buildActionMask = 2147483647;
			files = (
				277F08331FA72562001333D2 /* LaunchScreen.storyboard in Resources */,
				277F08301FA72562001333D2 /* Assets.xcassets in Resources */,
				27759605203DB83800146CA5 /* WhoAmIIcon.png in Resources */,
				2775960020388A6400146CA5 /* Icons.pptx in Resources */,
				277F082E1FA72562001333D2 /* Main.storyboard in Resources */,
			);
			runOnlyForDeploymentPostprocessing = 0;
		};
/* End PBXResourcesBuildPhase section */

/* Begin PBXSourcesBuildPhase section */
		277F08211FA72562001333D2 /* Sources */ = {
			isa = PBXSourcesBuildPhase;
			buildActionMask = 2147483647;
			files = (
				277595F72038713F00146CA5 /* ReceiveObject.swift in Sources */,
				277595F52038651A00146CA5 /* SendViewController.swift in Sources */,
				277595F3203864FE00146CA5 /* ReceiveViewController.swift in Sources */,
				277F08291FA72562001333D2 /* AppDelegate.swift in Sources */,
				277596032038932200146CA5 /* Device.swift in Sources */,
			);
			runOnlyForDeploymentPostprocessing = 0;
		};
/* End PBXSourcesBuildPhase section */

/* Begin PBXVariantGroup section */
		277F082C1FA72562001333D2 /* Main.storyboard */ = {
			isa = PBXVariantGroup;
			children = (
				277F082D1FA72562001333D2 /* Base */,
			);
			name = Main.storyboard;
			sourceTree = "<group>";
		};
		277F08311FA72562001333D2 /* LaunchScreen.storyboard */ = {
			isa = PBXVariantGroup;
			children = (
				277F08321FA72562001333D2 /* Base */,
			);
			name = LaunchScreen.storyboard;
			sourceTree = "<group>";
		};
/* End PBXVariantGroup section */

/* Begin XCBuildConfiguration section */
		277F08351FA72562001333D2 /* Debug */ = {
			isa = XCBuildConfiguration;
			buildSettings = {
				ALWAYS_SEARCH_USER_PATHS = NO;
				CLANG_ANALYZER_NONNULL = YES;
				CLANG_ANALYZER_NUMBER_OBJECT_CONVERSION = YES_AGGRESSIVE;
				CLANG_CXX_LANGUAGE_STANDARD = "gnu++14";
				CLANG_CXX_LIBRARY = "libc++";
				CLANG_ENABLE_MODULES = YES;
				CLANG_ENABLE_OBJC_ARC = YES;
				CLANG_WARN_BLOCK_CAPTURE_AUTORELEASING = YES;
				CLANG_WARN_BOOL_CONVERSION = YES;
				CLANG_WARN_COMMA = YES;
				CLANG_WARN_CONSTANT_CONVERSION = YES;
				CLANG_WARN_DIRECT_OBJC_ISA_USAGE = YES_ERROR;
				CLANG_WARN_DOCUMENTATION_COMMENTS = YES;
				CLANG_WARN_EMPTY_BODY = YES;
				CLANG_WARN_ENUM_CONVERSION = YES;
				CLANG_WARN_INFINITE_RECURSION = YES;
				CLANG_WARN_INT_CONVERSION = YES;
				CLANG_WARN_NON_LITERAL_NULL_CONVERSION = YES;
				CLANG_WARN_OBJC_LITERAL_CONVERSION = YES;
				CLANG_WARN_OBJC_ROOT_CLASS = YES_ERROR;
				CLANG_WARN_RANGE_LOOP_ANALYSIS = YES;
				CLANG_WARN_STRICT_PROTOTYPES = YES;
				CLANG_WARN_SUSPICIOUS_MOVE = YES;
				CLANG_WARN_UNGUARDED_AVAILABILITY = YES_AGGRESSIVE;
				CLANG_WARN_UNREACHABLE_CODE = YES;
				CLANG_WARN__DUPLICATE_METHOD_MATCH = YES;
				CODE_SIGN_IDENTITY = "iPhone Developer";
				COPY_PHASE_STRIP = NO;
				DEBUG_INFORMATION_FORMAT = dwarf;
				ENABLE_STRICT_OBJC_MSGSEND = YES;
				ENABLE_TESTABILITY = YES;
				GCC_C_LANGUAGE_STANDARD = gnu11;
				GCC_DYNAMIC_NO_PIC = NO;
				GCC_NO_COMMON_BLOCKS = YES;
				GCC_OPTIMIZATION_LEVEL = 0;
				GCC_PREPROCESSOR_DEFINITIONS = (
					"DEBUG=1",
					"$(inherited)",
				);
				GCC_WARN_64_TO_32_BIT_CONVERSION = YES;
				GCC_WARN_ABOUT_RETURN_TYPE = YES_ERROR;
				GCC_WARN_UNDECLARED_SELECTOR = YES;
				GCC_WARN_UNINITIALIZED_AUTOS = YES_AGGRESSIVE;
				GCC_WARN_UNUSED_FUNCTION = YES;
				GCC_WARN_UNUSED_VARIABLE = YES;
				IPHONEOS_DEPLOYMENT_TARGET = 9.3;
				MTL_ENABLE_DEBUG_INFO = YES;
				ONLY_ACTIVE_ARCH = YES;
				SDKROOT = iphoneos;
				SWIFT_ACTIVE_COMPILATION_CONDITIONS = DEBUG;
				SWIFT_OPTIMIZATION_LEVEL = "-Onone";
			};
			name = Debug;
		};
		277F08361FA72562001333D2 /* Release */ = {
			isa = XCBuildConfiguration;
			buildSettings = {
				ALWAYS_SEARCH_USER_PATHS = NO;
				CLANG_ANALYZER_NONNULL = YES;
				CLANG_ANALYZER_NUMBER_OBJECT_CONVERSION = YES_AGGRESSIVE;
				CLANG_CXX_LANGUAGE_STANDARD = "gnu++14";
				CLANG_CXX_LIBRARY = "libc++";
				CLANG_ENABLE_MODULES = YES;
				CLANG_ENABLE_OBJC_ARC = YES;
				CLANG_WARN_BLOCK_CAPTURE_AUTORELEASING = YES;
				CLANG_WARN_BOOL_CONVERSION = YES;
				CLANG_WARN_COMMA = YES;
				CLANG_WARN_CONSTANT_CONVERSION = YES;
				CLANG_WARN_DIRECT_OBJC_ISA_USAGE = YES_ERROR;
				CLANG_WARN_DOCUMENTATION_COMMENTS = YES;
				CLANG_WARN_EMPTY_BODY = YES;
				CLANG_WARN_ENUM_CONVERSION = YES;
				CLANG_WARN_INFINITE_RECURSION = YES;
				CLANG_WARN_INT_CONVERSION = YES;
				CLANG_WARN_NON_LITERAL_NULL_CONVERSION = YES;
				CLANG_WARN_OBJC_LITERAL_CONVERSION = YES;
				CLANG_WARN_OBJC_ROOT_CLASS = YES_ERROR;
				CLANG_WARN_RANGE_LOOP_ANALYSIS = YES;
				CLANG_WARN_STRICT_PROTOTYPES = YES;
				CLANG_WARN_SUSPICIOUS_MOVE = YES;
				CLANG_WARN_UNGUARDED_AVAILABILITY = YES_AGGRESSIVE;
				CLANG_WARN_UNREACHABLE_CODE = YES;
				CLANG_WARN__DUPLICATE_METHOD_MATCH = YES;
				CODE_SIGN_IDENTITY = "iPhone Developer";
				COPY_PHASE_STRIP = NO;
				DEBUG_INFORMATION_FORMAT = "dwarf-with-dsym";
				ENABLE_NS_ASSERTIONS = NO;
				ENABLE_STRICT_OBJC_MSGSEND = YES;
				GCC_C_LANGUAGE_STANDARD = gnu11;
				GCC_NO_COMMON_BLOCKS = YES;
				GCC_WARN_64_TO_32_BIT_CONVERSION = YES;
				GCC_WARN_ABOUT_RETURN_TYPE = YES_ERROR;
				GCC_WARN_UNDECLARED_SELECTOR = YES;
				GCC_WARN_UNINITIALIZED_AUTOS = YES_AGGRESSIVE;
				GCC_WARN_UNUSED_FUNCTION = YES;
				GCC_WARN_UNUSED_VARIABLE = YES;
				IPHONEOS_DEPLOYMENT_TARGET = 9.3;
				MTL_ENABLE_DEBUG_INFO = NO;
				SDKROOT = iphoneos;
				SWIFT_OPTIMIZATION_LEVEL = "-Owholemodule";
				VALIDATE_PRODUCT = YES;
			};
			name = Release;
		};
		277F08381FA72562001333D2 /* Debug */ = {
			isa = XCBuildConfiguration;
			buildSettings = {
				ASSETCATALOG_COMPILER_APPICON_NAME = AppIcon;
				CODE_SIGN_STYLE = Automatic;
				DEVELOPMENT_TEAM = FNGMABF4M4;
				INFOPLIST_FILE = BLETest/Info.plist;
				LD_RUNPATH_SEARCH_PATHS = "$(inherited) @executable_path/Frameworks";
				PRODUCT_BUNDLE_IDENTIFIER = de.Jetter.BLETest;
				PRODUCT_NAME = "$(TARGET_NAME)";
				SWIFT_VERSION = 4.0;
				TARGETED_DEVICE_FAMILY = "1,2";
			};
			name = Debug;
		};
		277F08391FA72562001333D2 /* Release */ = {
			isa = XCBuildConfiguration;
			buildSettings = {
				ASSETCATALOG_COMPILER_APPICON_NAME = AppIcon;
				CODE_SIGN_STYLE = Automatic;
				DEVELOPMENT_TEAM = FNGMABF4M4;
				INFOPLIST_FILE = BLETest/Info.plist;
				LD_RUNPATH_SEARCH_PATHS = "$(inherited) @executable_path/Frameworks";
				PRODUCT_BUNDLE_IDENTIFIER = de.Jetter.BLETest;
				PRODUCT_NAME = "$(TARGET_NAME)";
				SWIFT_VERSION = 4.0;
				TARGETED_DEVICE_FAMILY = "1,2";
			};
			name = Release;
		};
/* End XCBuildConfiguration section */

/* Begin XCConfigurationList section */
		277F08201FA72562001333D2 /* Build configuration list for PBXProject "BLETest" */ = {
			isa = XCConfigurationList;
			buildConfigurations = (
				277F08351FA72562001333D2 /* Debug */,
				277F08361FA72562001333D2 /* Release */,
			);
			defaultConfigurationIsVisible = 0;
			defaultConfigurationName = Release;
		};
		277F08371FA72562001333D2 /* Build configuration list for PBXNativeTarget "BLETest" */ = {
			isa = XCConfigurationList;
			buildConfigurations = (
				277F08381FA72562001333D2 /* Debug */,
				277F08391FA72562001333D2 /* Release */,
			);
			defaultConfigurationIsVisible = 0;
			defaultConfigurationName = Release;
		};
/* End XCConfigurationList section */
	};
	rootObject = 277F081D1FA72562001333D2 /* Project object */;
}
